{
  "name": "day1",
  "version": "1.0.1",
  "lockfileVersion": 1,
  "requires": true,
  "dependencies": {
    "print": {
      "version": "1.2.0",
      "resolved": "https://registry.npmjs.org/print/-/print-1.2.0.tgz",
      "integrity": "sha512-mB2lIC1SVWGkSGfhuJjkG+9DmFnCOzY2F65GQyzOUFKRVRcUmlgb1rHLMu+BMKFkHUOwU3g7WKJ6+ll0kFr4yw=="
    }
  }
}
